// !$*UTF8*$!
{
	archiveVersion = 1;
	classes = {
	};
	objectVersion = 46;
	objects = {

/* Begin PBXBuildFile section */
		3AF852C51BC4CE8000403622 /* AppDelegate.swift in Sources */ = {isa = PBXBuildFile; fileRef = 3AF852C41BC4CE8000403622 /* AppDelegate.swift */; };
		3AF852C71BC4CE8000403622 /* ViewController.swift in Sources */ = {isa = PBXBuildFile; fileRef = 3AF852C61BC4CE8000403622 /* ViewController.swift */; };
		3AF852CA1BC4CE8000403622 /* Main.storyboard in Resources */ = {isa = PBXBuildFile; fileRef = 3AF852C81BC4CE8000403622 /* Main.storyboard */; };
		3AF852CC1BC4CE8000403622 /* Assets.xcassets in Resources */ = {isa = PBXBuildFile; fileRef = 3AF852CB1BC4CE8000403622 /* Assets.xcassets */; };
		3AF852CF1BC4CE8000403622 /* LaunchScreen.storyboard in Resources */ = {isa = PBXBuildFile; fileRef = 3AF852CD1BC4CE8000403622 /* LaunchScreen.storyboard */; };
		3AF852DA1BC4CE8000403622 /* HelloTests.swift in Sources */ = {isa = PBXBuildFile; fileRef = 3AF852D91BC4CE8000403622 /* HelloTests.swift */; };
		3AF852E51BC4CE8000403622 /* HelloUITests.swift in Sources */ = {isa = PBXBuildFile; fileRef = 3AF852E41BC4CE8000403622 /* HelloUITests.swift */; };
/* End PBXBuildFile section */

/* Begin PBXContainerItemProxy section */
		3AF852D61BC4CE8000403622 /* PBXContainerItemProxy */ = {
			isa = PBXContainerItemProxy;
			containerPortal = 3AF852B91BC4CE8000403622 /* Project object */;
			proxyType = 1;
			remoteGlobalIDString = 3AF852C01BC4CE8000403622;
			remoteInfo = Hello;
		};
		3AF852E11BC4CE8000403622 /* PBXContainerItemProxy */ = {
			isa = PBXContainerItemProxy;
			containerPortal = 3AF852B91BC4CE8000403622 /* Project object */;
			proxyType = 1;
			remoteGlobalIDString = 3AF852C01BC4CE8000403622;
			remoteInfo = Hello;
		};
/* End PBXContainerItemProxy section */

/* Begin PBXFileReference section */
		3AF852C11BC4CE8000403622 /* Hello.app */ = {isa = PBXFileReference; explicitFileType = wrapper.application; includeInIndex = 0; path = Hello.app; sourceTree = BUILT_PRODUCTS_DIR; };
		3AF852C41BC4CE8000403622 /* AppDelegate.swift */ = {isa = PBXFileReference; lastKnownFileType = sourcecode.swift; path = AppDelegate.swift; sourceTree = "<group>"; };
		3AF852C61BC4CE8000403622 /* ViewController.swift */ = {isa = PBXFileReference; lastKnownFileType = sourcecode.swift; path = ViewController.swift; sourceTree = "<group>"; };
		3AF852C91BC4CE8000403622 /* Base */ = {isa = PBXFileReference; lastKnownFileType = file.storyboard; name = Base; path = Base.lproj/Main.storyboard; sourceTree = "<group>"; };
		3AF852CB1BC4CE8000403622 /* Assets.xcassets */ = {isa = PBXFileReference; lastKnownFileType = folder.assetcatalog; path = Assets.xcassets; sourceTree = "<group>"; };
		3AF852CE1BC4CE8000403622 /* Base */ = {isa = PBXFileReference; lastKnownFileType = file.storyboard; name = Base; path = Base.lproj/LaunchScreen.storyboard; sourceTree = "<group>"; };
		3AF852D01BC4CE8000403622 /* Info.plist */ = {isa = PBXFileReference; lastKnownFileType = text.plist.xml; path = Info.plist; sourceTree = "<group>"; };
		3AF852D51BC4CE8000403622 /* HelloTests.xctest */ = {isa = PBXFileReference; explicitFileType = wrapper.cfbundle; includeInIndex = 0; path = HelloTests.xctest; sourceTree = BUILT_PRODUCTS_DIR; };
		3AF852D91BC4CE8000403622 /* HelloTests.swift */ = {isa = PBXFileReference; lastKnownFileType = sourcecode.swift; path = HelloTests.swift; sourceTree = "<group>"; };
		3AF852DB1BC4CE8000403622 /* Info.plist */ = {isa = PBXFileReference; lastKnownFileType = text.plist.xml; path = Info.plist; sourceTree = "<group>"; };
		3AF852E01BC4CE8000403622 /* HelloUITests.xctest */ = {isa = PBXFileReference; explicitFileType = wrapper.cfbundle; includeInIndex = 0; path = HelloUITests.xctest; sourceTree = BUILT_PRODUCTS_DIR; };
		3AF852E41BC4CE8000403622 /* HelloUITests.swift */ = {isa = PBXFileReference; lastKnownFileType = sourcecode.swift; path = HelloUITests.swift; sourceTree = "<group>"; };
		3AF852E61BC4CE8000403622 /* Info.plist */ = {isa = PBXFileReference; lastKnownFileType = text.plist.xml; path = Info.plist; sourceTree = "<group>"; };
/* End PBXFileReference section */

/* Begin PBXFrameworksBuildPhase section */
		3AF852BE1BC4CE8000403622 /* Frameworks */ = {
			isa = PBXFrameworksBuildPhase;
			buildActionMask = 2147483647;
			files = (
			);
			runOnlyForDeploymentPostprocessing = 0;
		};
		3AF852D21BC4CE8000403622 /* Frameworks */ = {
			isa = PBXFrameworksBuildPhase;
			buildActionMask = 2147483647;
			files = (
			);
			runOnlyForDeploymentPostprocessing = 0;
		};
		3AF852DD1BC4CE8000403622 /* Frameworks */ = {
			isa = PBXFrameworksBuildPhase;
			buildActionMask = 2147483647;
			files = (
			);
			runOnlyForDeploymentPostprocessing = 0;
		};
/* End PBXFrameworksBuildPhase section */

/* Begin PBXGroup section */
		3AF852B81BC4CE8000403622 = {
			isa = PBXGroup;
			children = (
				3AF852C31BC4CE8000403622 /* Hello */,
				3AF852D81BC4CE8000403622 /* HelloTests */,
				3AF852E31BC4CE8000403622 /* HelloUITests */,
				3AF852C21BC4CE8000403622 /* Products */,
			);
			sourceTree = "<group>";
		};
		3AF852C21BC4CE8000403622 /* Products */ = {
			isa = PBXGroup;
			children = (
				3AF852C11BC4CE8000403622 /* Hello.app */,
				3AF852D51BC4CE8000403622 /* HelloTests.xctest */,
				3AF852E01BC4CE8000403622 /* HelloUITests.xctest */,
			);
			name = Products;
			sourceTree = "<group>";
		};
		3AF852C31BC4CE8000403622 /* Hello */ = {
			isa = PBXGroup;
			children = (
				3AF852C41BC4CE8000403622 /* AppDelegate.swift */,
				3AF852C61BC4CE8000403622 /* ViewController.swift */,
				3AF852C81BC4CE8000403622 /* Main.storyboard */,
				3AF852CB1BC4CE8000403622 /* Assets.xcassets */,
				3AF852CD1BC4CE8000403622 /* LaunchScreen.storyboard */,
				3AF852D01BC4CE8000403622 /* Info.plist */,
			);
			path = Hello;
			sourceTree = "<group>";
		};
		3AF852D81BC4CE8000403622 /* HelloTests */ = {
			isa = PBXGroup;
			children = (
				3AF852D91BC4CE8000403622 /* HelloTests.swift */,
				3AF852DB1BC4CE8000403622 /* Info.plist */,
			);
			path = HelloTests;
			sourceTree = "<group>";
		};
		3AF852E31BC4CE8000403622 /* HelloUITests */ = {
			isa = PBXGroup;
			children = (
				3AF852E41BC4CE8000403622 /* HelloUITests.swift */,
				3AF852E61BC4CE8000403622 /* Info.plist */,
			);
			path = HelloUITests;
			sourceTree = "<group>";
		};
/* End PBXGroup section */

/* Begin PBXNativeTarget section */
		3AF852C01BC4CE8000403622 /* Hello */ = {
			isa = PBXNativeTarget;
			buildConfigurationList = 3AF852E91BC4CE8000403622 /* Build configuration list for PBXNativeTarget "Hello" */;
			buildPhases = (
				3AF852BD1BC4CE8000403622 /* Sources */,
				3AF852BE1BC4CE8000403622 /* Frameworks */,
				3AF852BF1BC4CE8000403622 /* Resources */,
			);
			buildRules = (
			);
			dependencies = (
			);
			name = Hello;
			productName = Hello;
			productReference = 3AF852C11BC4CE8000403622 /* Hello.app */;
			productType = "com.apple.product-type.application";
		};
		3AF852D41BC4CE8000403622 /* HelloTests */ = {
			isa = PBXNativeTarget;
			buildConfigurationList = 3AF852EC1BC4CE8000403622 /* Build configuration list for PBXNativeTarget "HelloTests" */;
			buildPhases = (
				3AF852D11BC4CE8000403622 /* Sources */,
				3AF852D21BC4CE8000403622 /* Frameworks */,
				3AF852D31BC4CE8000403622 /* Resources */,
			);
			buildRules = (
			);
			dependencies = (
				3AF852D71BC4CE8000403622 /* PBXTargetDependency */,
			);
			name = HelloTests;
			productName = HelloTests;
			productReference = 3AF852D51BC4CE8000403622 /* HelloTests.xctest */;
			productType = "com.apple.product-type.bundle.unit-test";
		};
		3AF852DF1BC4CE8000403622 /* HelloUITests */ = {
			isa = PBXNativeTarget;
			buildConfigurationList = 3AF852EF1BC4CE8000403622 /* Build configuration list for PBXNativeTarget "HelloUITests" */;
			buildPhases = (
				3AF852DC1BC4CE8000403622 /* Sources */,
				3AF852DD1BC4CE8000403622 /* Frameworks */,
				3AF852DE1BC4CE8000403622 /* Resources */,
			);
			buildRules = (
			);
			dependencies = (
				3AF852E21BC4CE8000403622 /* PBXTargetDependency */,
			);
			name = HelloUITests;
			productName = HelloUITests;
			productReference = 3AF852E01BC4CE8000403622 /* HelloUITests.xctest */;
			productType = "com.apple.product-type.bundle.ui-testing";
		};
/* End PBXNativeTarget section */

/* Begin PBXProject section */
		3AF852B91BC4CE8000403622 /* Project object */ = {
			isa = PBXProject;
			attributes = {
				LastUpgradeCheck = 0700;
				ORGANIZATIONNAME = "Xiangyu Ju";
				TargetAttributes = {
					3AF852C01BC4CE8000403622 = {
						CreatedOnToolsVersion = 7.0.1;
					};
					3AF852D41BC4CE8000403622 = {
						CreatedOnToolsVersion = 7.0.1;
						TestTargetID = 3AF852C01BC4CE8000403622;
					};
					3AF852DF1BC4CE8000403622 = {
						CreatedOnToolsVersion = 7.0.1;
						TestTargetID = 3AF852C01BC4CE8000403622;
					};
				};
			};
			buildConfigurationList = 3AF852BC1BC4CE8000403622 /* Build configuration list for PBXProject "Hello" */;
			compatibilityVersion = "Xcode 3.2";
			developmentRegion = English;
			hasScannedForEncodings = 0;
			knownRegions = (
				en,
				Base,
			);
			mainGroup = 3AF852B81BC4CE8000403622;
			productRefGroup = 3AF852C21BC4CE8000403622 /* Products */;
			projectDirPath = "";
			projectRoot = "";
			targets = (
				3AF852C01BC4CE8000403622 /* Hello */,
				3AF852D41BC4CE8000403622 /* HelloTests */,
				3AF852DF1BC4CE8000403622 /* HelloUITests */,
			);
		};
/* End PBXProject section */

/* Begin PBXResourcesBuildPhase section */
		3AF852BF1BC4CE8000403622 /* Resources */ = {
			isa = PBXResourcesBuildPhase;
			buildActionMask = 2147483647;
			files = (
				3AF852CF1BC4CE8000403622 /* LaunchScreen.storyboard in Resources */,
				3AF852CC1BC4CE8000403622 /* Assets.xcassets in Resources */,
				3AF852CA1BC4CE8000403622 /* Main.storyboard in Resources */,
			);
			runOnlyForDeploymentPostprocessing = 0;
		};
		3AF852D31BC4CE8000403622 /* Resources */ = {
			isa = PBXResourcesBuildPhase;
			buildActionMask = 2147483647;
			files = (
			);
			runOnlyForDeploymentPostprocessing = 0;
		};
		3AF852DE1BC4CE8000403622 /* Resources */ = {
			isa = PBXResourcesBuildPhase;
			buildActionMask = 2147483647;
			files = (
			);
			runOnlyForDeploymentPostprocessing = 0;
		};
/* End PBXResourcesBuildPhase section */

/* Begin PBXSourcesBuildPhase section */
		3AF852BD1BC4CE8000403622 /* Sources */ = {
			isa = PBXSourcesBuildPhase;
			buildActionMask = 2147483647;
			files = (
				3AF852C71BC4CE8000403622 /* ViewController.swift in Sources */,
				3AF852C51BC4CE8000403622 /* AppDelegate.swift in Sources */,
			);
			runOnlyForDeploymentPostprocessing = 0;
		};
		3AF852D11BC4CE8000403622 /* Sources */ = {
			isa = PBXSourcesBuildPhase;
			buildActionMask = 2147483647;
			files = (
				3AF852DA1BC4CE8000403622 /* HelloTests.swift in Sources */,
			);
			runOnlyForDeploymentPostprocessing = 0;
		};
		3AF852DC1BC4CE8000403622 /* Sources */ = {
			isa = PBXSourcesBuildPhase;
			buildActionMask = 2147483647;
			files = (
				3AF852E51BC4CE8000403622 /* HelloUITests.swift in Sources */,
			);
			runOnlyForDeploymentPostprocessing = 0;
		};
/* End PBXSourcesBuildPhase section */

/* Begin PBXTargetDependency section */
		3AF852D71BC4CE8000403622 /* PBXTargetDependency */ = {
			isa = PBXTargetDependency;
			target = 3AF852C01BC4CE8000403622 /* Hello */;
			targetProxy = 3AF852D61BC4CE8000403622 /* PBXContainerItemProxy */;
		};
		3AF852E21BC4CE8000403622 /* PBXTargetDependency */ = {
			isa = PBXTargetDependency;
			target = 3AF852C01BC4CE8000403622 /* Hello */;
			targetProxy = 3AF852E11BC4CE8000403622 /* PBXContainerItemProxy */;
		};
/* End PBXTargetDependency section */

/* Begin PBXVariantGroup section */
		3AF852C81BC4CE8000403622 /* Main.storyboard */ = {
			isa = PBXVariantGroup;
			children = (
				3AF852C91BC4CE8000403622 /* Base */,
			);
			name = Main.storyboard;
			sourceTree = "<group>";
		};
		3AF852CD1BC4CE8000403622 /* LaunchScreen.storyboard */ = {
			isa = PBXVariantGroup;
			children = (
				3AF852CE1BC4CE8000403622 /* Base */,
			);
			name = LaunchScreen.storyboard;
			sourceTree = "<group>";
		};
/* End PBXVariantGroup section */

/* Begin XCBuildConfiguration section */
		3AF852E71BC4CE8000403622 /* Debug */ = {
			isa = XCBuildConfiguration;
			buildSettings = {
				ALWAYS_SEARCH_USER_PATHS = NO;
				CLANG_CXX_LANGUAGE_STANDARD = "gnu++0x";
				CLANG_CXX_LIBRARY = "libc++";
				CLANG_ENABLE_MODULES = YES;
				CLANG_ENABLE_OBJC_ARC = YES;
				CLANG_WARN_BOOL_CONVERSION = YES;
				CLANG_WARN_CONSTANT_CONVERSION = YES;
				CLANG_WARN_DIRECT_OBJC_ISA_USAGE = YES_ERROR;
				CLANG_WARN_EMPTY_BODY = YES;
				CLANG_WARN_ENUM_CONVERSION = YES;
				CLANG_WARN_INT_CONVERSION = YES;
				CLANG_WARN_OBJC_ROOT_CLASS = YES_ERROR;
				CLANG_WARN_UNREACHABLE_CODE = YES;
				CLANG_WARN__DUPLICATE_METHOD_MATCH = YES;
				"CODE_SIGN_IDENTITY[sdk=iphoneos*]" = "iPhone Developer";
				COPY_PHASE_STRIP = NO;
				DEBUG_INFORMATION_FORMAT = dwarf;
				ENABLE_STRICT_OBJC_MSGSEND = YES;
				ENABLE_TESTABILITY = YES;
				GCC_C_LANGUAGE_STANDARD = gnu99;
				GCC_DYNAMIC_NO_PIC = NO;
				GCC_NO_COMMON_BLOCKS = YES;
				GCC_OPTIMIZATION_LEVEL = 0;
				GCC_PREPROCESSOR_DEFINITIONS = (
					"DEBUG=1",
					"$(inherited)",
				);
				GCC_WARN_64_TO_32_BIT_CONVERSION = YES;
				GCC_WARN_ABOUT_RETURN_TYPE = YES_ERROR;
				GCC_WARN_UNDECLARED_SELECTOR = YES;
				GCC_WARN_UNINITIALIZED_AUTOS = YES_AGGRESSIVE;
				GCC_WARN_UNUSED_FUNCTION = YES;
				GCC_WARN_UNUSED_VARIABLE = YES;
				IPHONEOS_DEPLOYMENT_TARGET = 9.0;
				MTL_ENABLE_DEBUG_INFO = YES;
				ONLY_ACTIVE_ARCH = YES;
				SDKROOT = iphoneos;
				SWIFT_OPTIMIZATION_LEVEL = "-Onone";
			};
			name = Debug;
		};
		3AF852E81BC4CE8000403622 /* Release */ = {
			isa = XCBuildConfiguration;
			buildSettings = {
				ALWAYS_SEARCH_USER_PATHS = NO;
				CLANG_CXX_LANGUAGE_STANDARD = "gnu++0x";
				CLANG_CXX_LIBRARY = "libc++";
				CLANG_ENABLE_MODULES = YES;
				CLANG_ENABLE_OBJC_ARC = YES;
				CLANG_WARN_BOOL_CONVERSION = YES;
				CLANG_WARN_CONSTANT_CONVERSION = YES;
				CLANG_WARN_DIRECT_OBJC_ISA_USAGE = YES_ERROR;
				CLANG_WARN_EMPTY_BODY = YES;
				CLANG_WARN_ENUM_CONVERSION = YES;
				CLANG_WARN_INT_CONVERSION = YES;
				CLANG_WARN_OBJC_ROOT_CLASS = YES_ERROR;
				CLANG_WARN_UNREACHABLE_CODE = YES;
				CLANG_WARN__DUPLICATE_METHOD_MATCH = YES;
				"CODE_SIGN_IDENTITY[sdk=iphoneos*]" = "iPhone Developer";
				COPY_PHASE_STRIP = NO;
				DEBUG_INFORMATION_FORMAT = "dwarf-with-dsym";
				ENABLE_NS_ASSERTIONS = NO;
				ENABLE_STRICT_OBJC_MSGSEND = YES;
				GCC_C_LANGUAGE_STANDARD = gnu99;
				GCC_NO_COMMON_BLOCKS = YES;
				GCC_WARN_64_TO_32_BIT_CONVERSION = YES;
				GCC_WARN_ABOUT_RETURN_TYPE = YES_ERROR;
				GCC_WARN_UNDECLARED_SELECTOR = YES;
				GCC_WARN_UNINITIALIZED_AUTOS = YES_AGGRESSIVE;
				GCC_WARN_UNUSED_FUNCTION = YES;
				GCC_WARN_UNUSED_VARIABLE = YES;
				IPHONEOS_DEPLOYMENT_TARGET = 9.0;
				MTL_ENABLE_DEBUG_INFO = NO;
				SDKROOT = iphoneos;
				VALIDATE_PRODUCT = YES;
			};
			name = Release;
		};
		3AF852EA1BC4CE8000403622 /* Debug */ = {
			isa = XCBuildConfiguration;
			buildSettings = {
				ASSETCATALOG_COMPILER_APPICON_NAME = AppIcon;
				INFOPLIST_FILE = Hello/Info.plist;
				LD_RUNPATH_SEARCH_PATHS = "$(inherited) @executable_path/Frameworks";
				PRODUCT_BUNDLE_IDENTIFIER = edu.uw.xyju.Hello;
				PRODUCT_NAME = "$(TARGET_NAME)";
			};
			name = Debug;
		};
		3AF852EB1BC4CE8000403622 /* Release */ = {
			isa = XCBuildConfiguration;
			buildSettings = {
				ASSETCATALOG_COMPILER_APPICON_NAME = AppIcon;
				INFOPLIST_FILE = Hello/Info.plist;
				LD_RUNPATH_SEARCH_PATHS = "$(inherited) @executable_path/Frameworks";
				PRODUCT_BUNDLE_IDENTIFIER = edu.uw.xyju.Hello;
				PRODUCT_NAME = "$(TARGET_NAME)";
			};
			name = Release;
		};
		3AF852ED1BC4CE8000403622 /* Debug */ = {
			isa = XCBuildConfiguration;
			buildSettings = {
				BUNDLE_LOADER = "$(TEST_HOST)";
				INFOPLIST_FILE = HelloTests/Info.plist;
				LD_RUNPATH_SEARCH_PATHS = "$(inherited) @executable_path/Frameworks @loader_path/Frameworks";
				PRODUCT_BUNDLE_IDENTIFIER = edu.uw.xyju.HelloTests;
				PRODUCT_NAME = "$(TARGET_NAME)";
				TEST_HOST = "$(BUILT_PRODUCTS_DIR)/Hello.app/Hello";
			};
			name = Debug;
		};
		3AF852EE1BC4CE8000403622 /* Release */ = {
			isa = XCBuildConfiguration;
			buildSettings = {
				BUNDLE_LOADER = "$(TEST_HOST)";
				INFOPLIST_FILE = HelloTests/Info.plist;
				LD_RUNPATH_SEARCH_PATHS = "$(inherited) @executable_path/Frameworks @loader_path/Frameworks";
				PRODUCT_BUNDLE_IDENTIFIER = edu.uw.xyju.HelloTests;
				PRODUCT_NAME = "$(TARGET_NAME)";
				TEST_HOST = "$(BUILT_PRODUCTS_DIR)/Hello.app/Hello";
			};
			name = Release;
		};
		3AF852F01BC4CE8000403622 /* Debug */ = {
			isa = XCBuildConfiguration;
			buildSettings = {
				INFOPLIST_FILE = HelloUITests/Info.plist;
				LD_RUNPATH_SEARCH_PATHS = "$(inherited) @executable_path/Frameworks @loader_path/Frameworks";
				PRODUCT_BUNDLE_IDENTIFIER = edu.uw.xyju.HelloUITests;
				PRODUCT_NAME = "$(TARGET_NAME)";
				TEST_TARGET_NAME = Hello;
				USES_XCTRUNNER = YES;
			};
			name = Debug;
		};
		3AF852F11BC4CE8000403622 /* Release */ = {
			isa = XCBuildConfiguration;
			buildSettings = {
				INFOPLIST_FILE = HelloUITests/Info.plist;
				LD_RUNPATH_SEARCH_PATHS = "$(inherited) @executable_path/Frameworks @loader_path/Frameworks";
				PRODUCT_BUNDLE_IDENTIFIER = edu.uw.xyju.HelloUITests;
				PRODUCT_NAME = "$(TARGET_NAME)";
				TEST_TARGET_NAME = Hello;
				USES_XCTRUNNER = YES;
			};
			name = Release;
		};
/* End XCBuildConfiguration section */

/* Begin XCConfigurationList section */
		3AF852BC1BC4CE8000403622 /* Build configuration list for PBXProject "Hello" */ = {
			isa = XCConfigurationList;
			buildConfigurations = (
				3AF852E71BC4CE8000403622 /* Debug */,
				3AF852E81BC4CE8000403622 /* Release */,
			);
			defaultConfigurationIsVisible = 0;
			defaultConfigurationName = Release;
		};
		3AF852E91BC4CE8000403622 /* Build configuration list for PBXNativeTarget "Hello" */ = {
			isa = XCConfigurationList;
			buildConfigurations = (
				3AF852EA1BC4CE8000403622 /* Debug */,
				3AF852EB1BC4CE8000403622 /* Release */,
			);
			defaultConfigurationIsVisible = 0;
		};
		3AF852EC1BC4CE8000403622 /* Build configuration list for PBXNativeTarget "HelloTests" */ = {
			isa = XCConfigurationList;
			buildConfigurations = (
				3AF852ED1BC4CE8000403622 /* Debug */,
				3AF852EE1BC4CE8000403622 /* Release */,
			);
			defaultConfigurationIsVisible = 0;
		};
		3AF852EF1BC4CE8000403622 /* Build configuration list for PBXNativeTarget "HelloUITests" */ = {
			isa = XCConfigurationList;
			buildConfigurations = (
				3AF852F01BC4CE8000403622 /* Debug */,
				3AF852F11BC4CE8000403622 /* Release */,
			);
			defaultConfigurationIsVisible = 0;
		};
/* End XCConfigurationList section */
	};
	rootObject = 3AF852B91BC4CE8000403622 /* Project object */;
}
